
Microsoft Visual Studio Solution File, Format Version 12.00
# Visual Studio Version 17
VisualStudioVersion = 17.8.34525.116
MinimumVisualStudioVersion = 10.0.40219.1
Project("{8BC9CEB8-8B4A-11D0-8D11-00A0C91BC942}") = "Lec02_Findmax", "Lec02_Findmax\Lec02_Findmax.vcxproj", "{80E4BB70-7960-431C-BCF5-3744AFACD9EF}"
EndProject
Global
	GlobalSection(SolutionConfigurationPlatforms) = preSolution
		Debug|x64 = Debug|x64
		Debug|x86 = Debug|x86
		Release|x64 = Release|x64
		Release|x86 = Release|x86
	EndGlobalSection
	GlobalSection(ProjectConfigurationPlatforms) = postSolution
		{80E4BB70-7960-431C-BCF5-3744AFACD9EF}.Debug|x64.ActiveCfg = Debug|x64
		{80E4BB70-7960-431C-BCF5-3744AFACD9EF}.Debug|x64.Build.0 = Debug|x64
		{80E4BB70-7960-431C-BCF5-3744AFACD9EF}.Debug|x86.ActiveCfg = Debug|Win32
		{80E4BB70-7960-431C-BCF5-3744AFACD9EF}.Debug|x86.Build.0 = Debug|Win32
		{80E4BB70-7960-431C-BCF5-3744AFACD9EF}.Release|x64.ActiveCfg = Release|x64
		{80E4BB70-7960-431C-BCF5-3744AFACD9EF}.Release|x64.Build.0 = Release|x64
		{80E4BB70-7960-431C-BCF5-3744AFACD9EF}.Release|x86.ActiveCfg = Release|Win32
		{80E4BB70-7960-431C-BCF5-3744AFACD9EF}.Release|x86.Build.0 = Release|Win32
	EndGlobalSection
	GlobalSection(SolutionProperties) = preSolution
		HideSolutionNode = FALSE
	EndGlobalSection
	GlobalSection(ExtensibilityGlobals) = postSolution
		SolutionGuid = {92BDE3E6-9938-4E9C-BF3A-7E660C69CD71}
	EndGlobalSection
EndGlobal
